<?xml version="1.0" encoding="utf-8"?>
<Project ToolsVersion="4.0" xmlns="http://schemas.microsoft.com/developer/msbuild/2003">
  <ItemGroup>
    <ClCompile Include="..\src\main.cpp" />
    <ClCompile Include="..\src\platform.cpp" />
    <ClCompile Include="..\src\common.cpp" />
    <ClCompile Include="..\src\actor.cpp" />
    <ClCompile Include="..\src\line.cpp" />
    <ClCompile Include="..\src\map.cpp" />
    <ClCompile Include="..\src\message.cpp" />
  </ItemGroup>
  <ItemGroup>
    <ClInclude Include="..\src\roguelike.h" />
    <ClInclude Include="..\src\common.h" />
    <ClInclude Include="..\src\actor.h" />
    <ClInclude Include="..\src\game.h" />
    <ClInclude Include="..\src\map.h" />
    <ClInclude Include="..\src\message.h" />
  </ItemGroup>
</Project>